// !$*UTF8*$!
{
	archiveVersion = 1;
	classes = {
	};
	objectVersion = 55;
	objects = {

/* Begin PBXBuildFile section */
		9697B3F7284747C7008D1B40 /* PoC_Save_Noti_To_CoreDataApp.swift in Sources */ = {isa = PBXBuildFile; fileRef = 9697B3F6284747C7008D1B40 /* PoC_Save_Noti_To_CoreDataApp.swift */; };
		9697B3F9284747C7008D1B40 /* ContentView.swift in Sources */ = {isa = PBXBuildFile; fileRef = 9697B3F8284747C7008D1B40 /* ContentView.swift */; };
		9697B3FB284747C9008D1B40 /* Assets.xcassets in Resources */ = {isa = PBXBuildFile; fileRef = 9697B3FA284747C9008D1B40 /* Assets.xcassets */; };
		9697B3FE284747C9008D1B40 /* Preview Assets.xcassets in Resources */ = {isa = PBXBuildFile; fileRef = 9697B3FD284747C9008D1B40 /* Preview Assets.xcassets */; };
		9697B400284747C9008D1B40 /* Persistence.swift in Sources */ = {isa = PBXBuildFile; fileRef = 9697B3FF284747C9008D1B40 /* Persistence.swift */; };
		9697B403284747C9008D1B40 /* PoC_Save_Noti_To_CoreData.xcdatamodeld in Sources */ = {isa = PBXBuildFile; fileRef = 9697B401284747C9008D1B40 /* PoC_Save_Noti_To_CoreData.xcdatamodeld */; };
		9697B40D284747C9008D1B40 /* PoC_Save_Noti_To_CoreDataTests.swift in Sources */ = {isa = PBXBuildFile; fileRef = 9697B40C284747C9008D1B40 /* PoC_Save_Noti_To_CoreDataTests.swift */; };
		9697B417284747C9008D1B40 /* PoC_Save_Noti_To_CoreDataUITests.swift in Sources */ = {isa = PBXBuildFile; fileRef = 9697B416284747C9008D1B40 /* PoC_Save_Noti_To_CoreDataUITests.swift */; };
		9697B419284747C9008D1B40 /* PoC_Save_Noti_To_CoreDataUITestsLaunchTests.swift in Sources */ = {isa = PBXBuildFile; fileRef = 9697B418284747C9008D1B40 /* PoC_Save_Noti_To_CoreDataUITestsLaunchTests.swift */; };
		969C397928487508009CA88A /* NotificationCardView.swift in Sources */ = {isa = PBXBuildFile; fileRef = 969C397828487508009CA88A /* NotificationCardView.swift */; };
		969C397C284876F4009CA88A /* Kingfisher in Frameworks */ = {isa = PBXBuildFile; productRef = 969C397B284876F4009CA88A /* Kingfisher */; };
		96F7ED6E284854960025D4BF /* NotificationPageView.swift in Sources */ = {isa = PBXBuildFile; fileRef = 96F7ED6D284854960025D4BF /* NotificationPageView.swift */; };
/* End PBXBuildFile section */

/* Begin PBXContainerItemProxy section */
		9697B409284747C9008D1B40 /* PBXContainerItemProxy */ = {
			isa = PBXContainerItemProxy;
			containerPortal = 9697B3EB284747C7008D1B40 /* Project object */;
			proxyType = 1;
			remoteGlobalIDString = 9697B3F2284747C7008D1B40;
			remoteInfo = PoC_Save_Noti_To_CoreData;
		};
		9697B413284747C9008D1B40 /* PBXContainerItemProxy */ = {
			isa = PBXContainerItemProxy;
			containerPortal = 9697B3EB284747C7008D1B40 /* Project object */;
			proxyType = 1;
			remoteGlobalIDString = 9697B3F2284747C7008D1B40;
			remoteInfo = PoC_Save_Noti_To_CoreData;
		};
/* End PBXContainerItemProxy section */

/* Begin PBXFileReference section */
		9697B3F3284747C7008D1B40 /* PoC_Save_Noti_To_CoreData.app */ = {isa = PBXFileReference; explicitFileType = wrapper.application; includeInIndex = 0; path = PoC_Save_Noti_To_CoreData.app; sourceTree = BUILT_PRODUCTS_DIR; };
		9697B3F6284747C7008D1B40 /* PoC_Save_Noti_To_CoreDataApp.swift */ = {isa = PBXFileReference; lastKnownFileType = sourcecode.swift; path = PoC_Save_Noti_To_CoreDataApp.swift; sourceTree = "<group>"; };
		9697B3F8284747C7008D1B40 /* ContentView.swift */ = {isa = PBXFileReference; lastKnownFileType = sourcecode.swift; path = ContentView.swift; sourceTree = "<group>"; };
		9697B3FA284747C9008D1B40 /* Assets.xcassets */ = {isa = PBXFileReference; lastKnownFileType = folder.assetcatalog; path = Assets.xcassets; sourceTree = "<group>"; };
		9697B3FD284747C9008D1B40 /* Preview Assets.xcassets */ = {isa = PBXFileReference; lastKnownFileType = folder.assetcatalog; path = "Preview Assets.xcassets"; sourceTree = "<group>"; };
		9697B3FF284747C9008D1B40 /* Persistence.swift */ = {isa = PBXFileReference; lastKnownFileType = sourcecode.swift; path = Persistence.swift; sourceTree = "<group>"; };
		9697B402284747C9008D1B40 /* PoC_Save_Noti_To_CoreData.xcdatamodel */ = {isa = PBXFileReference; lastKnownFileType = wrapper.xcdatamodel; path = PoC_Save_Noti_To_CoreData.xcdatamodel; sourceTree = "<group>"; };
		9697B408284747C9008D1B40 /* PoC_Save_Noti_To_CoreDataTests.xctest */ = {isa = PBXFileReference; explicitFileType = wrapper.cfbundle; includeInIndex = 0; path = PoC_Save_Noti_To_CoreDataTests.xctest; sourceTree = BUILT_PRODUCTS_DIR; };
		9697B40C284747C9008D1B40 /* PoC_Save_Noti_To_CoreDataTests.swift */ = {isa = PBXFileReference; lastKnownFileType = sourcecode.swift; path = PoC_Save_Noti_To_CoreDataTests.swift; sourceTree = "<group>"; };
		9697B412284747C9008D1B40 /* PoC_Save_Noti_To_CoreDataUITests.xctest */ = {isa = PBXFileReference; explicitFileType = wrapper.cfbundle; includeInIndex = 0; path = PoC_Save_Noti_To_CoreDataUITests.xctest; sourceTree = BUILT_PRODUCTS_DIR; };
		9697B416284747C9008D1B40 /* PoC_Save_Noti_To_CoreDataUITests.swift */ = {isa = PBXFileReference; lastKnownFileType = sourcecode.swift; path = PoC_Save_Noti_To_CoreDataUITests.swift; sourceTree = "<group>"; };
		9697B418284747C9008D1B40 /* PoC_Save_Noti_To_CoreDataUITestsLaunchTests.swift */ = {isa = PBXFileReference; lastKnownFileType = sourcecode.swift; path = PoC_Save_Noti_To_CoreDataUITestsLaunchTests.swift; sourceTree = "<group>"; };
		969C397828487508009CA88A /* NotificationCardView.swift */ = {isa = PBXFileReference; lastKnownFileType = sourcecode.swift; path = NotificationCardView.swift; sourceTree = "<group>"; };
		96F7ED682847C1ED0025D4BF /* README.md */ = {isa = PBXFileReference; lastKnownFileType = net.daringfireball.markdown; path = README.md; sourceTree = "<group>"; };
		96F7ED6D284854960025D4BF /* NotificationPageView.swift */ = {isa = PBXFileReference; lastKnownFileType = sourcecode.swift; path = NotificationPageView.swift; sourceTree = "<group>"; };
/* End PBXFileReference section */

/* Begin PBXFrameworksBuildPhase section */
		9697B3F0284747C7008D1B40 /* Frameworks */ = {
			isa = PBXFrameworksBuildPhase;
			buildActionMask = 2147483647;
			files = (
				969C397C284876F4009CA88A /* Kingfisher in Frameworks */,
			);
			runOnlyForDeploymentPostprocessing = 0;
		};
		9697B405284747C9008D1B40 /* Frameworks */ = {
			isa = PBXFrameworksBuildPhase;
			buildActionMask = 2147483647;
			files = (
			);
			runOnlyForDeploymentPostprocessing = 0;
		};
		9697B40F284747C9008D1B40 /* Frameworks */ = {
			isa = PBXFrameworksBuildPhase;
			buildActionMask = 2147483647;
			files = (
			);
			runOnlyForDeploymentPostprocessing = 0;
		};
/* End PBXFrameworksBuildPhase section */

/* Begin PBXGroup section */
		9697B3EA284747C7008D1B40 = {
			isa = PBXGroup;
			children = (
				9697B3F5284747C7008D1B40 /* PoC_Save_Noti_To_CoreData */,
				9697B40B284747C9008D1B40 /* PoC_Save_Noti_To_CoreDataTests */,
				9697B415284747C9008D1B40 /* PoC_Save_Noti_To_CoreDataUITests */,
				9697B3F4284747C7008D1B40 /* Products */,
			);
			sourceTree = "<group>";
		};
		9697B3F4284747C7008D1B40 /* Products */ = {
			isa = PBXGroup;
			children = (
				9697B3F3284747C7008D1B40 /* PoC_Save_Noti_To_CoreData.app */,
				9697B408284747C9008D1B40 /* PoC_Save_Noti_To_CoreDataTests.xctest */,
				9697B412284747C9008D1B40 /* PoC_Save_Noti_To_CoreDataUITests.xctest */,
			);
			name = Products;
			sourceTree = "<group>";
		};
		9697B3F5284747C7008D1B40 /* PoC_Save_Noti_To_CoreData */ = {
			isa = PBXGroup;
			children = (
				96F7ED682847C1ED0025D4BF /* README.md */,
				96F7ED6C2847CEB20025D4BF /* CoreData */,
				96F7ED6B2847C62D0025D4BF /* Models */,
				96F7ED6A2847C61E0025D4BF /* ViewModels */,
				96F7ED692847C6140025D4BF /* Views */,
				9697B3F6284747C7008D1B40 /* PoC_Save_Noti_To_CoreDataApp.swift */,
				9697B3FA284747C9008D1B40 /* Assets.xcassets */,
				9697B3FC284747C9008D1B40 /* Preview Content */,
			);
			path = PoC_Save_Noti_To_CoreData;
			sourceTree = "<group>";
		};
		9697B3FC284747C9008D1B40 /* Preview Content */ = {
			isa = PBXGroup;
			children = (
				9697B3FD284747C9008D1B40 /* Preview Assets.xcassets */,
			);
			path = "Preview Content";
			sourceTree = "<group>";
		};
		9697B40B284747C9008D1B40 /* PoC_Save_Noti_To_CoreDataTests */ = {
			isa = PBXGroup;
			children = (
				9697B40C284747C9008D1B40 /* PoC_Save_Noti_To_CoreDataTests.swift */,
			);
			path = PoC_Save_Noti_To_CoreDataTests;
			sourceTree = "<group>";
		};
		9697B415284747C9008D1B40 /* PoC_Save_Noti_To_CoreDataUITests */ = {
			isa = PBXGroup;
			children = (
				9697B416284747C9008D1B40 /* PoC_Save_Noti_To_CoreDataUITests.swift */,
				9697B418284747C9008D1B40 /* PoC_Save_Noti_To_CoreDataUITestsLaunchTests.swift */,
			);
			path = PoC_Save_Noti_To_CoreDataUITests;
			sourceTree = "<group>";
		};
		96F7ED692847C6140025D4BF /* Views */ = {
			isa = PBXGroup;
			children = (
				9697B3F8284747C7008D1B40 /* ContentView.swift */,
				96F7ED6D284854960025D4BF /* NotificationPageView.swift */,
				969C397828487508009CA88A /* NotificationCardView.swift */,
			);
			path = Views;
			sourceTree = "<group>";
		};
		96F7ED6A2847C61E0025D4BF /* ViewModels */ = {
			isa = PBXGroup;
			children = (
			);
			path = ViewModels;
			sourceTree = "<group>";
		};
		96F7ED6B2847C62D0025D4BF /* Models */ = {
			isa = PBXGroup;
			children = (
			);
			path = Models;
			sourceTree = "<group>";
		};
		96F7ED6C2847CEB20025D4BF /* CoreData */ = {
			isa = PBXGroup;
			children = (
				9697B401284747C9008D1B40 /* PoC_Save_Noti_To_CoreData.xcdatamodeld */,
				9697B3FF284747C9008D1B40 /* Persistence.swift */,
			);
			path = CoreData;
			sourceTree = "<group>";
		};
/* End PBXGroup section */

/* Begin PBXNativeTarget section */
		9697B3F2284747C7008D1B40 /* PoC_Save_Noti_To_CoreData */ = {
			isa = PBXNativeTarget;
			buildConfigurationList = 9697B41C284747C9008D1B40 /* Build configuration list for PBXNativeTarget "PoC_Save_Noti_To_CoreData" */;
			buildPhases = (
				9697B3EF284747C7008D1B40 /* Sources */,
				9697B3F0284747C7008D1B40 /* Frameworks */,
				9697B3F1284747C7008D1B40 /* Resources */,
			);
			buildRules = (
			);
			dependencies = (
			);
			name = PoC_Save_Noti_To_CoreData;
			packageProductDependencies = (
				969C397B284876F4009CA88A /* Kingfisher */,
			);
			productName = PoC_Save_Noti_To_CoreData;
			productReference = 9697B3F3284747C7008D1B40 /* PoC_Save_Noti_To_CoreData.app */;
			productType = "com.apple.product-type.application";
		};
		9697B407284747C9008D1B40 /* PoC_Save_Noti_To_CoreDataTests */ = {
			isa = PBXNativeTarget;
			buildConfigurationList = 9697B41F284747C9008D1B40 /* Build configuration list for PBXNativeTarget "PoC_Save_Noti_To_CoreDataTests" */;
			buildPhases = (
				9697B404284747C9008D1B40 /* Sources */,
				9697B405284747C9008D1B40 /* Frameworks */,
				9697B406284747C9008D1B40 /* Resources */,
			);
			buildRules = (
			);
			dependencies = (
				9697B40A284747C9008D1B40 /* PBXTargetDependency */,
			);
			name = PoC_Save_Noti_To_CoreDataTests;
			productName = PoC_Save_Noti_To_CoreDataTests;
			productReference = 9697B408284747C9008D1B40 /* PoC_Save_Noti_To_CoreDataTests.xctest */;
			productType = "com.apple.product-type.bundle.unit-test";
		};
		9697B411284747C9008D1B40 /* PoC_Save_Noti_To_CoreDataUITests */ = {
			isa = PBXNativeTarget;
			buildConfigurationList = 9697B422284747C9008D1B40 /* Build configuration list for PBXNativeTarget "PoC_Save_Noti_To_CoreDataUITests" */;
			buildPhases = (
				9697B40E284747C9008D1B40 /* Sources */,
				9697B40F284747C9008D1B40 /* Frameworks */,
				9697B410284747C9008D1B40 /* Resources */,
			);
			buildRules = (
			);
			dependencies = (
				9697B414284747C9008D1B40 /* PBXTargetDependency */,
			);
			name = PoC_Save_Noti_To_CoreDataUITests;
			productName = PoC_Save_Noti_To_CoreDataUITests;
			productReference = 9697B412284747C9008D1B40 /* PoC_Save_Noti_To_CoreDataUITests.xctest */;
			productType = "com.apple.product-type.bundle.ui-testing";
		};
/* End PBXNativeTarget section */

/* Begin PBXProject section */
		9697B3EB284747C7008D1B40 /* Project object */ = {
			isa = PBXProject;
			attributes = {
				BuildIndependentTargetsInParallel = 1;
				LastSwiftUpdateCheck = 1330;
				LastUpgradeCheck = 1330;
				TargetAttributes = {
					9697B3F2284747C7008D1B40 = {
						CreatedOnToolsVersion = 13.3;
					};
					9697B407284747C9008D1B40 = {
						CreatedOnToolsVersion = 13.3;
						TestTargetID = 9697B3F2284747C7008D1B40;
					};
					9697B411284747C9008D1B40 = {
						CreatedOnToolsVersion = 13.3;
						TestTargetID = 9697B3F2284747C7008D1B40;
					};
				};
			};
			buildConfigurationList = 9697B3EE284747C7008D1B40 /* Build configuration list for PBXProject "PoC_Save_Noti_To_CoreData" */;
			compatibilityVersion = "Xcode 13.0";
			developmentRegion = en;
			hasScannedForEncodings = 0;
			knownRegions = (
				en,
				Base,
			);
			mainGroup = 9697B3EA284747C7008D1B40;
			packageReferences = (
				969C397A284876F4009CA88A /* XCRemoteSwiftPackageReference "Kingfisher" */,
			);
			productRefGroup = 9697B3F4284747C7008D1B40 /* Products */;
			projectDirPath = "";
			projectRoot = "";
			targets = (
				9697B3F2284747C7008D1B40 /* PoC_Save_Noti_To_CoreData */,
				9697B407284747C9008D1B40 /* PoC_Save_Noti_To_CoreDataTests */,
				9697B411284747C9008D1B40 /* PoC_Save_Noti_To_CoreDataUITests */,
			);
		};
/* End PBXProject section */

/* Begin PBXResourcesBuildPhase section */
		9697B3F1284747C7008D1B40 /* Resources */ = {
			isa = PBXResourcesBuildPhase;
			buildActionMask = 2147483647;
			files = (
				9697B3FE284747C9008D1B40 /* Preview Assets.xcassets in Resources */,
				9697B3FB284747C9008D1B40 /* Assets.xcassets in Resources */,
			);
			runOnlyForDeploymentPostprocessing = 0;
		};
		9697B406284747C9008D1B40 /* Resources */ = {
			isa = PBXResourcesBuildPhase;
			buildActionMask = 2147483647;
			files = (
			);
			runOnlyForDeploymentPostprocessing = 0;
		};
		9697B410284747C9008D1B40 /* Resources */ = {
			isa = PBXResourcesBuildPhase;
			buildActionMask = 2147483647;
			files = (
			);
			runOnlyForDeploymentPostprocessing = 0;
		};
/* End PBXResourcesBuildPhase section */

/* Begin PBXSourcesBuildPhase section */
		9697B3EF284747C7008D1B40 /* Sources */ = {
			isa = PBXSourcesBuildPhase;
			buildActionMask = 2147483647;
			files = (
				96F7ED6E284854960025D4BF /* NotificationPageView.swift in Sources */,
				9697B400284747C9008D1B40 /* Persistence.swift in Sources */,
				9697B3F9284747C7008D1B40 /* ContentView.swift in Sources */,
				9697B3F7284747C7008D1B40 /* PoC_Save_Noti_To_CoreDataApp.swift in Sources */,
				9697B403284747C9008D1B40 /* PoC_Save_Noti_To_CoreData.xcdatamodeld in Sources */,
				969C397928487508009CA88A /* NotificationCardView.swift in Sources */,
			);
			runOnlyForDeploymentPostprocessing = 0;
		};
		9697B404284747C9008D1B40 /* Sources */ = {
			isa = PBXSourcesBuildPhase;
			buildActionMask = 2147483647;
			files = (
				9697B40D284747C9008D1B40 /* PoC_Save_Noti_To_CoreDataTests.swift in Sources */,
			);
			runOnlyForDeploymentPostprocessing = 0;
		};
		9697B40E284747C9008D1B40 /* Sources */ = {
			isa = PBXSourcesBuildPhase;
			buildActionMask = 2147483647;
			files = (
				9697B419284747C9008D1B40 /* PoC_Save_Noti_To_CoreDataUITestsLaunchTests.swift in Sources */,
				9697B417284747C9008D1B40 /* PoC_Save_Noti_To_CoreDataUITests.swift in Sources */,
			);
			runOnlyForDeploymentPostprocessing = 0;
		};
/* End PBXSourcesBuildPhase section */

/* Begin PBXTargetDependency section */
		9697B40A284747C9008D1B40 /* PBXTargetDependency */ = {
			isa = PBXTargetDependency;
			target = 9697B3F2284747C7008D1B40 /* PoC_Save_Noti_To_CoreData */;
			targetProxy = 9697B409284747C9008D1B40 /* PBXContainerItemProxy */;
		};
		9697B414284747C9008D1B40 /* PBXTargetDependency */ = {
			isa = PBXTargetDependency;
			target = 9697B3F2284747C7008D1B40 /* PoC_Save_Noti_To_CoreData */;
			targetProxy = 9697B413284747C9008D1B40 /* PBXContainerItemProxy */;
		};
/* End PBXTargetDependency section */

/* Begin XCBuildConfiguration section */
		9697B41A284747C9008D1B40 /* Debug */ = {
			isa = XCBuildConfiguration;
			buildSettings = {
				ALWAYS_SEARCH_USER_PATHS = NO;
				CLANG_ANALYZER_NONNULL = YES;
				CLANG_ANALYZER_NUMBER_OBJECT_CONVERSION = YES_AGGRESSIVE;
				CLANG_CXX_LANGUAGE_STANDARD = "gnu++17";
				CLANG_ENABLE_MODULES = YES;
				CLANG_ENABLE_OBJC_ARC = YES;
				CLANG_ENABLE_OBJC_WEAK = YES;
				CLANG_WARN_BLOCK_CAPTURE_AUTORELEASING = YES;
				CLANG_WARN_BOOL_CONVERSION = YES;
				CLANG_WARN_COMMA = YES;
				CLANG_WARN_CONSTANT_CONVERSION = YES;
				CLANG_WARN_DEPRECATED_OBJC_IMPLEMENTATIONS = YES;
				CLANG_WARN_DIRECT_OBJC_ISA_USAGE = YES_ERROR;
				CLANG_WARN_DOCUMENTATION_COMMENTS = YES;
				CLANG_WARN_EMPTY_BODY = YES;
				CLANG_WARN_ENUM_CONVERSION = YES;
				CLANG_WARN_INFINITE_RECURSION = YES;
				CLANG_WARN_INT_CONVERSION = YES;
				CLANG_WARN_NON_LITERAL_NULL_CONVERSION = YES;
				CLANG_WARN_OBJC_IMPLICIT_RETAIN_SELF = YES;
				CLANG_WARN_OBJC_LITERAL_CONVERSION = YES;
				CLANG_WARN_OBJC_ROOT_CLASS = YES_ERROR;
				CLANG_WARN_QUOTED_INCLUDE_IN_FRAMEWORK_HEADER = YES;
				CLANG_WARN_RANGE_LOOP_ANALYSIS = YES;
				CLANG_WARN_STRICT_PROTOTYPES = YES;
				CLANG_WARN_SUSPICIOUS_MOVE = YES;
				CLANG_WARN_UNGUARDED_AVAILABILITY = YES_AGGRESSIVE;
				CLANG_WARN_UNREACHABLE_CODE = YES;
				CLANG_WARN__DUPLICATE_METHOD_MATCH = YES;
				COPY_PHASE_STRIP = NO;
				DEBUG_INFORMATION_FORMAT = dwarf;
				ENABLE_STRICT_OBJC_MSGSEND = YES;
				ENABLE_TESTABILITY = YES;
				GCC_C_LANGUAGE_STANDARD = gnu11;
				GCC_DYNAMIC_NO_PIC = NO;
				GCC_NO_COMMON_BLOCKS = YES;
				GCC_OPTIMIZATION_LEVEL = 0;
				GCC_PREPROCESSOR_DEFINITIONS = (
					"DEBUG=1",
					"$(inherited)",
				);
				GCC_WARN_64_TO_32_BIT_CONVERSION = YES;
				GCC_WARN_ABOUT_RETURN_TYPE = YES_ERROR;
				GCC_WARN_UNDECLARED_SELECTOR = YES;
				GCC_WARN_UNINITIALIZED_AUTOS = YES_AGGRESSIVE;
				GCC_WARN_UNUSED_FUNCTION = YES;
				GCC_WARN_UNUSED_VARIABLE = YES;
				IPHONEOS_DEPLOYMENT_TARGET = 15.4;
				MTL_ENABLE_DEBUG_INFO = INCLUDE_SOURCE;
				MTL_FAST_MATH = YES;
				ONLY_ACTIVE_ARCH = YES;
				SDKROOT = iphoneos;
				SWIFT_ACTIVE_COMPILATION_CONDITIONS = DEBUG;
				SWIFT_OPTIMIZATION_LEVEL = "-Onone";
			};
			name = Debug;
		};
		9697B41B284747C9008D1B40 /* Release */ = {
			isa = XCBuildConfiguration;
			buildSettings = {
				ALWAYS_SEARCH_USER_PATHS = NO;
				CLANG_ANALYZER_NONNULL = YES;
				CLANG_ANALYZER_NUMBER_OBJECT_CONVERSION = YES_AGGRESSIVE;
				CLANG_CXX_LANGUAGE_STANDARD = "gnu++17";
				CLANG_ENABLE_MODULES = YES;
				CLANG_ENABLE_OBJC_ARC = YES;
				CLANG_ENABLE_OBJC_WEAK = YES;
				CLANG_WARN_BLOCK_CAPTURE_AUTORELEASING = YES;
				CLANG_WARN_BOOL_CONVERSION = YES;
				CLANG_WARN_COMMA = YES;
				CLANG_WARN_CONSTANT_CONVERSION = YES;
				CLANG_WARN_DEPRECATED_OBJC_IMPLEMENTATIONS = YES;
				CLANG_WARN_DIRECT_OBJC_ISA_USAGE = YES_ERROR;
				CLANG_WARN_DOCUMENTATION_COMMENTS = YES;
				CLANG_WARN_EMPTY_BODY = YES;
				CLANG_WARN_ENUM_CONVERSION = YES;
				CLANG_WARN_INFINITE_RECURSION = YES;
				CLANG_WARN_INT_CONVERSION = YES;
				CLANG_WARN_NON_LITERAL_NULL_CONVERSION = YES;
				CLANG_WARN_OBJC_IMPLICIT_RETAIN_SELF = YES;
				CLANG_WARN_OBJC_LITERAL_CONVERSION = YES;
				CLANG_WARN_OBJC_ROOT_CLASS = YES_ERROR;
				CLANG_WARN_QUOTED_INCLUDE_IN_FRAMEWORK_HEADER = YES;
				CLANG_WARN_RANGE_LOOP_ANALYSIS = YES;
				CLANG_WARN_STRICT_PROTOTYPES = YES;
				CLANG_WARN_SUSPICIOUS_MOVE = YES;
				CLANG_WARN_UNGUARDED_AVAILABILITY = YES_AGGRESSIVE;
				CLANG_WARN_UNREACHABLE_CODE = YES;
				CLANG_WARN__DUPLICATE_METHOD_MATCH = YES;
				COPY_PHASE_STRIP = NO;
				DEBUG_INFORMATION_FORMAT = "dwarf-with-dsym";
				ENABLE_NS_ASSERTIONS = NO;
				ENABLE_STRICT_OBJC_MSGSEND = YES;
				GCC_C_LANGUAGE_STANDARD = gnu11;
				GCC_NO_COMMON_BLOCKS = YES;
				GCC_WARN_64_TO_32_BIT_CONVERSION = YES;
				GCC_WARN_ABOUT_RETURN_TYPE = YES_ERROR;
				GCC_WARN_UNDECLARED_SELECTOR = YES;
				GCC_WARN_UNINITIALIZED_AUTOS = YES_AGGRESSIVE;
				GCC_WARN_UNUSED_FUNCTION = YES;
				GCC_WARN_UNUSED_VARIABLE = YES;
				IPHONEOS_DEPLOYMENT_TARGET = 15.4;
				MTL_ENABLE_DEBUG_INFO = NO;
				MTL_FAST_MATH = YES;
				SDKROOT = iphoneos;
				SWIFT_COMPILATION_MODE = wholemodule;
				SWIFT_OPTIMIZATION_LEVEL = "-O";
				VALIDATE_PRODUCT = YES;
			};
			name = Release;
		};
		9697B41D284747C9008D1B40 /* Debug */ = {
			isa = XCBuildConfiguration;
			buildSettings = {
				ASSETCATALOG_COMPILER_APPICON_NAME = AppIcon;
				ASSETCATALOG_COMPILER_GLOBAL_ACCENT_COLOR_NAME = AccentColor;
				CODE_SIGN_STYLE = Automatic;
				CURRENT_PROJECT_VERSION = 1;
				DEVELOPMENT_ASSET_PATHS = "\"PoC_Save_Noti_To_CoreData/Preview Content\"";
				DEVELOPMENT_TEAM = 9JR855JWZY;
				ENABLE_PREVIEWS = YES;
				GENERATE_INFOPLIST_FILE = YES;
				INFOPLIST_KEY_UIApplicationSceneManifest_Generation = YES;
				INFOPLIST_KEY_UIApplicationSupportsIndirectInputEvents = YES;
				INFOPLIST_KEY_UILaunchScreen_Generation = YES;
				INFOPLIST_KEY_UISupportedInterfaceOrientations_iPad = "UIInterfaceOrientationPortrait UIInterfaceOrientationPortraitUpsideDown UIInterfaceOrientationLandscapeLeft UIInterfaceOrientationLandscapeRight";
				INFOPLIST_KEY_UISupportedInterfaceOrientations_iPhone = "UIInterfaceOrientationPortrait UIInterfaceOrientationLandscapeLeft UIInterfaceOrientationLandscapeRight";
				LD_RUNPATH_SEARCH_PATHS = (
					"$(inherited)",
					"@executable_path/Frameworks",
				);
				MARKETING_VERSION = 1.0;
				PRODUCT_BUNDLE_IDENTIFIER = "com.sukrit.PoC-Save-Noti-To-CoreData";
				PRODUCT_NAME = "$(TARGET_NAME)";
				SWIFT_EMIT_LOC_STRINGS = YES;
				SWIFT_VERSION = 5.0;
				TARGETED_DEVICE_FAMILY = "1,2";
			};
			name = Debug;
		};
		9697B41E284747C9008D1B40 /* Release */ = {
			isa = XCBuildConfiguration;
			buildSettings = {
				ASSETCATALOG_COMPILER_APPICON_NAME = AppIcon;
				ASSETCATALOG_COMPILER_GLOBAL_ACCENT_COLOR_NAME = AccentColor;
				CODE_SIGN_STYLE = Automatic;
				CURRENT_PROJECT_VERSION = 1;
				DEVELOPMENT_ASSET_PATHS = "\"PoC_Save_Noti_To_CoreData/Preview Content\"";
				DEVELOPMENT_TEAM = 9JR855JWZY;
				ENABLE_PREVIEWS = YES;
				GENERATE_INFOPLIST_FILE = YES;
				INFOPLIST_KEY_UIApplicationSceneManifest_Generation = YES;
				INFOPLIST_KEY_UIApplicationSupportsIndirectInputEvents = YES;
				INFOPLIST_KEY_UILaunchScreen_Generation = YES;
				INFOPLIST_KEY_UISupportedInterfaceOrientations_iPad = "UIInterfaceOrientationPortrait UIInterfaceOrientationPortraitUpsideDown UIInterfaceOrientationLandscapeLeft UIInterfaceOrientationLandscapeRight";
				INFOPLIST_KEY_UISupportedInterfaceOrientations_iPhone = "UIInterfaceOrientationPortrait UIInterfaceOrientationLandscapeLeft UIInterfaceOrientationLandscapeRight";
				LD_RUNPATH_SEARCH_PATHS = (
					"$(inherited)",
					"@executable_path/Frameworks",
				);
				MARKETING_VERSION = 1.0;
				PRODUCT_BUNDLE_IDENTIFIER = "com.sukrit.PoC-Save-Noti-To-CoreData";
				PRODUCT_NAME = "$(TARGET_NAME)";
				SWIFT_EMIT_LOC_STRINGS = YES;
				SWIFT_VERSION = 5.0;
				TARGETED_DEVICE_FAMILY = "1,2";
			};
			name = Release;
		};
		9697B420284747C9008D1B40 /* Debug */ = {
			isa = XCBuildConfiguration;
			buildSettings = {
				ALWAYS_EMBED_SWIFT_STANDARD_LIBRARIES = YES;
				BUNDLE_LOADER = "$(TEST_HOST)";
				CODE_SIGN_STYLE = Automatic;
				CURRENT_PROJECT_VERSION = 1;
				DEVELOPMENT_TEAM = 9JR855JWZY;
				GENERATE_INFOPLIST_FILE = YES;
				IPHONEOS_DEPLOYMENT_TARGET = 15.4;
				MARKETING_VERSION = 1.0;
				PRODUCT_BUNDLE_IDENTIFIER = "com.sukrit.PoC-Save-Noti-To-CoreDataTests";
				PRODUCT_NAME = "$(TARGET_NAME)";
				SWIFT_EMIT_LOC_STRINGS = NO;
				SWIFT_VERSION = 5.0;
				TARGETED_DEVICE_FAMILY = "1,2";
				TEST_HOST = "$(BUILT_PRODUCTS_DIR)/PoC_Save_Noti_To_CoreData.app/PoC_Save_Noti_To_CoreData";
			};
			name = Debug;
		};
		9697B421284747C9008D1B40 /* Release */ = {
			isa = XCBuildConfiguration;
			buildSettings = {
				ALWAYS_EMBED_SWIFT_STANDARD_LIBRARIES = YES;
				BUNDLE_LOADER = "$(TEST_HOST)";
				CODE_SIGN_STYLE = Automatic;
				CURRENT_PROJECT_VERSION = 1;
				DEVELOPMENT_TEAM = 9JR855JWZY;
				GENERATE_INFOPLIST_FILE = YES;
				IPHONEOS_DEPLOYMENT_TARGET = 15.4;
				MARKETING_VERSION = 1.0;
				PRODUCT_BUNDLE_IDENTIFIER = "com.sukrit.PoC-Save-Noti-To-CoreDataTests";
				PRODUCT_NAME = "$(TARGET_NAME)";
				SWIFT_EMIT_LOC_STRINGS = NO;
				SWIFT_VERSION = 5.0;
				TARGETED_DEVICE_FAMILY = "1,2";
				TEST_HOST = "$(BUILT_PRODUCTS_DIR)/PoC_Save_Noti_To_CoreData.app/PoC_Save_Noti_To_CoreData";
			};
			name = Release;
		};
		9697B423284747C9008D1B40 /* Debug */ = {
			isa = XCBuildConfiguration;
			buildSettings = {
				ALWAYS_EMBED_SWIFT_STANDARD_LIBRARIES = YES;
				CODE_SIGN_STYLE = Automatic;
				CURRENT_PROJECT_VERSION = 1;
				DEVELOPMENT_TEAM = 9JR855JWZY;
				GENERATE_INFOPLIST_FILE = YES;
				MARKETING_VERSION = 1.0;
				PRODUCT_BUNDLE_IDENTIFIER = "com.sukrit.PoC-Save-Noti-To-CoreDataUITests";
				PRODUCT_NAME = "$(TARGET_NAME)";
				SWIFT_EMIT_LOC_STRINGS = NO;
				SWIFT_VERSION = 5.0;
				TARGETED_DEVICE_FAMILY = "1,2";
				TEST_TARGET_NAME = PoC_Save_Noti_To_CoreData;
			};
			name = Debug;
		};
		9697B424284747C9008D1B40 /* Release */ = {
			isa = XCBuildConfiguration;
			buildSettings = {
				ALWAYS_EMBED_SWIFT_STANDARD_LIBRARIES = YES;
				CODE_SIGN_STYLE = Automatic;
				CURRENT_PROJECT_VERSION = 1;
				DEVELOPMENT_TEAM = 9JR855JWZY;
				GENERATE_INFOPLIST_FILE = YES;
				MARKETING_VERSION = 1.0;
				PRODUCT_BUNDLE_IDENTIFIER = "com.sukrit.PoC-Save-Noti-To-CoreDataUITests";
				PRODUCT_NAME = "$(TARGET_NAME)";
				SWIFT_EMIT_LOC_STRINGS = NO;
				SWIFT_VERSION = 5.0;
				TARGETED_DEVICE_FAMILY = "1,2";
				TEST_TARGET_NAME = PoC_Save_Noti_To_CoreData;
			};
			name = Release;
		};
/* End XCBuildConfiguration section */

/* Begin XCConfigurationList section */
		9697B3EE284747C7008D1B40 /* Build configuration list for PBXProject "PoC_Save_Noti_To_CoreData" */ = {
			isa = XCConfigurationList;
			buildConfigurations = (
				9697B41A284747C9008D1B40 /* Debug */,
				9697B41B284747C9008D1B40 /* Release */,
			);
			defaultConfigurationIsVisible = 0;
			defaultConfigurationName = Release;
		};
		9697B41C284747C9008D1B40 /* Build configuration list for PBXNativeTarget "PoC_Save_Noti_To_CoreData" */ = {
			isa = XCConfigurationList;
			buildConfigurations = (
				9697B41D284747C9008D1B40 /* Debug */,
				9697B41E284747C9008D1B40 /* Release */,
			);
			defaultConfigurationIsVisible = 0;
			defaultConfigurationName = Release;
		};
		9697B41F284747C9008D1B40 /* Build configuration list for PBXNativeTarget "PoC_Save_Noti_To_CoreDataTests" */ = {
			isa = XCConfigurationList;
			buildConfigurations = (
				9697B420284747C9008D1B40 /* Debug */,
				9697B421284747C9008D1B40 /* Release */,
			);
			defaultConfigurationIsVisible = 0;
			defaultConfigurationName = Release;
		};
		9697B422284747C9008D1B40 /* Build configuration list for PBXNativeTarget "PoC_Save_Noti_To_CoreDataUITests" */ = {
			isa = XCConfigurationList;
			buildConfigurations = (
				9697B423284747C9008D1B40 /* Debug */,
				9697B424284747C9008D1B40 /* Release */,
			);
			defaultConfigurationIsVisible = 0;
			defaultConfigurationName = Release;
		};
/* End XCConfigurationList section */

/* Begin XCRemoteSwiftPackageReference section */
		969C397A284876F4009CA88A /* XCRemoteSwiftPackageReference "Kingfisher" */ = {
			isa = XCRemoteSwiftPackageReference;
			repositoryURL = "https://github.com/onevcat/Kingfisher";
			requirement = {
				kind = upToNextMajorVersion;
				minimumVersion = 7.0.0;
			};
		};
/* End XCRemoteSwiftPackageReference section */

/* Begin XCSwiftPackageProductDependency section */
		969C397B284876F4009CA88A /* Kingfisher */ = {
			isa = XCSwiftPackageProductDependency;
			package = 969C397A284876F4009CA88A /* XCRemoteSwiftPackageReference "Kingfisher" */;
			productName = Kingfisher;
		};
/* End XCSwiftPackageProductDependency section */

/* Begin XCVersionGroup section */
		9697B401284747C9008D1B40 /* PoC_Save_Noti_To_CoreData.xcdatamodeld */ = {
			isa = XCVersionGroup;
			children = (
				9697B402284747C9008D1B40 /* PoC_Save_Noti_To_CoreData.xcdatamodel */,
			);
			currentVersion = 9697B402284747C9008D1B40 /* PoC_Save_Noti_To_CoreData.xcdatamodel */;
			path = PoC_Save_Noti_To_CoreData.xcdatamodeld;
			sourceTree = "<group>";
			versionGroupType = wrapper.xcdatamodel;
		};
/* End XCVersionGroup section */
	};
	rootObject = 9697B3EB284747C7008D1B40 /* Project object */;
}
